<?xml version="1.0" encoding="utf-8"?>
<Project ToolsVersion="4.0" xmlns="http://schemas.microsoft.com/developer/msbuild/2003">
  <ItemGroup>
    <Filter Include="Source Files">
      <UniqueIdentifier>{4FC737F1-C7A5-4376-A066-2A32D752A2FF}</UniqueIdentifier>
      <Extensions>cpp;c;cc;cxx;def;odl;idl;hpj;bat;asm;asmx</Extensions>
    </Filter>
    <Filter Include="Header Files">
      <UniqueIdentifier>{93995380-89BD-4b04-88EB-625FBE52EBFB}</UniqueIdentifier>
      <Extensions>h;hh;hpp;hxx;hm;inl;inc;xsd</Extensions>
    </Filter>
    <Filter Include="Resource Files">
      <UniqueIdentifier>{67DA6AB6-F800-4c08-8B7A-83BB121AAD01}</UniqueIdentifier>
      <Extensions>rc;ico;cur;bmp;dlg;rc2;rct;bin;rgs;gif;jpg;jpeg;jpe;resx;tiff;tif;png;wav;mfcribbon-ms</Extensions>
    </Filter>
    <Filter Include="Source Files\parser">
      <UniqueIdentifier>{a04c7e6f-6edb-45eb-b4bd-c9eb6effee28}</UniqueIdentifier>
    </Filter>
    <Filter Include="Header Files\parser">
      <UniqueIdentifier>{b100cd14-a1a4-4598-b854-a46ad2091ab7}</UniqueIdentifier>
    </Filter>
    <Filter Include="Header Files\ast">
      <UniqueIdentifier>{2bcd12a0-20dc-42c0-b80f-549901602a71}</UniqueIdentifier>
    </Filter>
    <Filter Include="Source Files\ast">
      <UniqueIdentifier>{5bb15865-b803-4c6b-a22a-174f3df78113}</UniqueIdentifier>
    </Filter>
    <Filter Include="Header Files\lib">
      <UniqueIdentifier>{33e2210e-6bf7-4cfc-a7d7-ca7669b88a2f}</UniqueIdentifier>
    </Filter>
    <Filter Include="Source Files\lib">
      <UniqueIdentifier>{8673fe70-ef2d-403b-b0fe-d23a1cc1b197}</UniqueIdentifier>
    </Filter>
  </ItemGroup>
  <ItemGroup>
    <ClCompile Include="MyForm.cpp">
      <Filter>Source Files</Filter>
    </ClCompile>
    <ClCompile Include="LexicalAnalyzer.cpp">
      <Filter>Source Files\parser</Filter>
    </ClCompile>
    <ClCompile Include="Token.cpp">
      <Filter>Source Files\parser</Filter>
    </ClCompile>
    <ClCompile Include="BinaryExpression.cpp">
      <Filter>Source Files\ast</Filter>
    </ClCompile>
    <ClCompile Include="UnaryExpression.cpp">
      <Filter>Source Files\ast</Filter>
    </ClCompile>
    <ClCompile Include="VariableExpression.cpp">
      <Filter>Source Files\ast</Filter>
    </ClCompile>
    <ClCompile Include="Variables.cpp">
      <Filter>Source Files\lib</Filter>
    </ClCompile>
    <ClCompile Include="AssignmentStatement.cpp">
      <Filter>Source Files\ast</Filter>
    </ClCompile>
    <ClCompile Include="PrintStatement.cpp">
      <Filter>Source Files\ast</Filter>
    </ClCompile>
    <ClCompile Include="NumberValue.cpp">
      <Filter>Source Files\lib</Filter>
    </ClCompile>
    <ClCompile Include="StringValue.cpp">
      <Filter>Source Files\lib</Filter>
    </ClCompile>
    <ClCompile Include="ValueExpression.cpp">
      <Filter>Source Files\ast</Filter>
    </ClCompile>
    <ClCompile Include="SyntaxAnalyzer.cpp">
      <Filter>Source Files\parser</Filter>
    </ClCompile>
    <ClCompile Include="ConditionalExpression.cpp">
      <Filter>Source Files\ast</Filter>
    </ClCompile>
    <ClCompile Include="ConditionalStatement.cpp">
      <Filter>Source Files\ast</Filter>
    </ClCompile>
    <ClCompile Include="BlockStatement.cpp">
      <Filter>Source Files\ast</Filter>
    </ClCompile>
    <ClCompile Include="WhileStatement.cpp">
      <Filter>Source Files\ast</Filter>
    </ClCompile>
    <ClCompile Include="ForStatement.cpp">
      <Filter>Source Files</Filter>
    </ClCompile>
  </ItemGroup>
  <ItemGroup>
    <ClInclude Include="MyForm.h">
      <Filter>Header Files</Filter>
    </ClInclude>
    <ClInclude Include="LexicalAnalyzer.h">
      <Filter>Header Files\parser</Filter>
    </ClInclude>
    <ClInclude Include="Token.h">
      <Filter>Header Files\parser</Filter>
    </ClInclude>
    <ClInclude Include="BinaryExpression.h">
      <Filter>Header Files\ast</Filter>
    </ClInclude>
    <ClInclude Include="UnaryExpression.h">
      <Filter>Header Files\ast</Filter>
    </ClInclude>
    <ClInclude Include="VariableExpression.h">
      <Filter>Header Files\ast</Filter>
    </ClInclude>
    <ClInclude Include="Variables.h">
      <Filter>Header Files\lib</Filter>
    </ClInclude>
    <ClInclude Include="AssignmentStatement.h">
      <Filter>Header Files\ast</Filter>
    </ClInclude>
    <ClInclude Include="PrintStatement.h">
      <Filter>Header Files\ast</Filter>
    </ClInclude>
    <ClInclude Include="IStatement.h">
      <Filter>Header Files\ast</Filter>
    </ClInclude>
    <ClInclude Include="IExpression.h">
      <Filter>Header Files\ast</Filter>
    </ClInclude>
    <ClInclude Include="IValue.h">
      <Filter>Header Files\lib</Filter>
    </ClInclude>
    <ClInclude Include="NumberValue.h">
      <Filter>Header Files\lib</Filter>
    </ClInclude>
    <ClInclude Include="StringValue.h">
      <Filter>Header Files\lib</Filter>
    </ClInclude>
    <ClInclude Include="ValueExpression.h">
      <Filter>Header Files\ast</Filter>
    </ClInclude>
    <ClInclude Include="SyntaxAnalyzer.h">
      <Filter>Header Files\parser</Filter>
    </ClInclude>
    <ClInclude Include="ConditionalExpression.h">
      <Filter>Header Files\ast</Filter>
    </ClInclude>
    <ClInclude Include="ConditionalStatement.h">
      <Filter>Header Files\ast</Filter>
    </ClInclude>
    <ClInclude Include="BlockStatement.h">
      <Filter>Header Files\ast</Filter>
    </ClInclude>
    <ClInclude Include="WhileStatement.h">
      <Filter>Header Files\ast</Filter>
    </ClInclude>
    <ClInclude Include="ForStatement.h">
      <Filter>Header Files</Filter>
    </ClInclude>
  </ItemGroup>
  <ItemGroup>
    <EmbeddedResource Include="MyForm.resx">
      <Filter>Resource Files</Filter>
    </EmbeddedResource>
  </ItemGroup>
</Project>